# This file is automatically @generated by Poetry 1.8.2 and should not be changed by hand.

[[package]]
name = "faker"
version = "26.0.0"
description = "Faker is a Python package that generates fake data for you."
optional = false
python-versions = ">=3.8"
files = [
    {file = "Faker-26.0.0-py3-none-any.whl", hash = "sha256:886ee28219be96949cd21ecc96c4c742ee1680e77f687b095202c8def1a08f06"},
    {file = "Faker-26.0.0.tar.gz", hash = "sha256:0f60978314973de02c00474c2ae899785a42b2cf4f41b7987e93c132a2b8a4a9"},
]

[package.dependencies]
python-dateutil = ">=2.4"

[[package]]
name = "mypy"
version = "1.10.1"
description = "Optional static typing for Python"
optional = false
python-versions = ">=3.8"
files = [
    {file = "mypy-1.10.1-cp310-cp310-macosx_10_9_x86_64.whl", hash = "sha256:e36f229acfe250dc660790840916eb49726c928e8ce10fbdf90715090fe4ae02"},
    {file = "mypy-1.10.1-cp310-cp310-macosx_11_0_arm64.whl", hash = "sha256:51a46974340baaa4145363b9e051812a2446cf583dfaeba124af966fa44593f7"},
    {file = "mypy-1.10.1-cp310-cp310-manylinux_2_17_x86_64.manylinux2014_x86_64.whl", hash = "sha256:901c89c2d67bba57aaaca91ccdb659aa3a312de67f23b9dfb059727cce2e2e0a"},
    {file = "mypy-1.10.1-cp310-cp310-musllinux_1_1_x86_64.whl", hash = "sha256:0cd62192a4a32b77ceb31272d9e74d23cd88c8060c34d1d3622db3267679a5d9"},
    {file = "mypy-1.10.1-cp310-cp310-win_amd64.whl", hash = "sha256:a2cbc68cb9e943ac0814c13e2452d2046c2f2b23ff0278e26599224cf164e78d"},
    {file = "mypy-1.10.1-cp311-cp311-macosx_10_9_x86_64.whl", hash = "sha256:bd6f629b67bb43dc0d9211ee98b96d8dabc97b1ad38b9b25f5e4c4d7569a0c6a"},
    {file = "mypy-1.10.1-cp311-cp311-macosx_11_0_arm64.whl", hash = "sha256:a1bbb3a6f5ff319d2b9d40b4080d46cd639abe3516d5a62c070cf0114a457d84"},
    {file = "mypy-1.10.1-cp311-cp311-manylinux_2_17_x86_64.manylinux2014_x86_64.whl", hash = "sha256:b8edd4e9bbbc9d7b79502eb9592cab808585516ae1bcc1446eb9122656c6066f"},
    {file = "mypy-1.10.1-cp311-cp311-musllinux_1_1_x86_64.whl", hash = "sha256:6166a88b15f1759f94a46fa474c7b1b05d134b1b61fca627dd7335454cc9aa6b"},
    {file = "mypy-1.10.1-cp311-cp311-win_amd64.whl", hash = "sha256:5bb9cd11c01c8606a9d0b83ffa91d0b236a0e91bc4126d9ba9ce62906ada868e"},
    {file = "mypy-1.10.1-cp312-cp312-macosx_10_9_x86_64.whl", hash = "sha256:d8681909f7b44d0b7b86e653ca152d6dff0eb5eb41694e163c6092124f8246d7"},
    {file = "mypy-1.10.1-cp312-cp312-macosx_11_0_arm64.whl", hash = "sha256:378c03f53f10bbdd55ca94e46ec3ba255279706a6aacaecac52ad248f98205d3"},
    {file = "mypy-1.10.1-cp312-cp312-manylinux_2_17_x86_64.manylinux2014_x86_64.whl", hash = "sha256:6bacf8f3a3d7d849f40ca6caea5c055122efe70e81480c8328ad29c55c69e93e"},
    {file = "mypy-1.10.1-cp312-cp312-musllinux_1_1_x86_64.whl", hash = "sha256:701b5f71413f1e9855566a34d6e9d12624e9e0a8818a5704d74d6b0402e66c04"},
    {file = "mypy-1.10.1-cp312-cp312-win_amd64.whl", hash = "sha256:3c4c2992f6ea46ff7fce0072642cfb62af7a2484efe69017ed8b095f7b39ef31"},
    {file = "mypy-1.10.1-cp38-cp38-macosx_10_9_x86_64.whl", hash = "sha256:604282c886497645ffb87b8f35a57ec773a4a2721161e709a4422c1636ddde5c"},
    {file = "mypy-1.10.1-cp38-cp38-macosx_11_0_arm64.whl", hash = "sha256:37fd87cab83f09842653f08de066ee68f1182b9b5282e4634cdb4b407266bade"},
    {file = "mypy-1.10.1-cp38-cp38-manylinux_2_17_x86_64.manylinux2014_x86_64.whl", hash = "sha256:8addf6313777dbb92e9564c5d32ec122bf2c6c39d683ea64de6a1fd98b90fe37"},
    {file = "mypy-1.10.1-cp38-cp38-musllinux_1_1_x86_64.whl", hash = "sha256:5cc3ca0a244eb9a5249c7c583ad9a7e881aa5d7b73c35652296ddcdb33b2b9c7"},
    {file = "mypy-1.10.1-cp38-cp38-win_amd64.whl", hash = "sha256:1b3a2ffce52cc4dbaeee4df762f20a2905aa171ef157b82192f2e2f368eec05d"},
    {file = "mypy-1.10.1-cp39-cp39-macosx_10_9_x86_64.whl", hash = "sha256:fe85ed6836165d52ae8b88f99527d3d1b2362e0cb90b005409b8bed90e9059b3"},
    {file = "mypy-1.10.1-cp39-cp39-macosx_11_0_arm64.whl", hash = "sha256:c2ae450d60d7d020d67ab440c6e3fae375809988119817214440033f26ddf7bf"},
    {file = "mypy-1.10.1-cp39-cp39-manylinux_2_17_x86_64.manylinux2014_x86_64.whl", hash = "sha256:6be84c06e6abd72f960ba9a71561c14137a583093ffcf9bbfaf5e613d63fa531"},
    {file = "mypy-1.10.1-cp39-cp39-musllinux_1_1_x86_64.whl", hash = "sha256:2189ff1e39db399f08205e22a797383613ce1cb0cb3b13d8bcf0170e45b96cc3"},
    {file = "mypy-1.10.1-cp39-cp39-win_amd64.whl", hash = "sha256:97a131ee36ac37ce9581f4220311247ab6cba896b4395b9c87af0675a13a755f"},
    {file = "mypy-1.10.1-py3-none-any.whl", hash = "sha256:71d8ac0b906354ebda8ef1673e5fde785936ac1f29ff6987c7483cfbd5a4235a"},
    {file = "mypy-1.10.1.tar.gz", hash = "sha256:1f8f492d7db9e3593ef42d4f115f04e556130f2819ad33ab84551403e97dd4c0"},
]

[package.dependencies]
mypy-extensions = ">=1.0.0"
typing-extensions = ">=4.1.0"

[package.extras]
dmypy = ["psutil (>=4.0)"]
install-types = ["pip"]
mypyc = ["setuptools (>=50)"]
reports = ["lxml"]

[[package]]
name = "mypy-extensions"
version = "1.0.0"
description = "Type system extensions for programs checked with the mypy type checker."
optional = false
python-versions = ">=3.5"
files = [
    {file = "mypy_extensions-1.0.0-py3-none-any.whl", hash = "sha256:4392f6c0eb8a5668a69e23d168ffa70f0be9ccfd32b5cc2d26a34ae5b844552d"},
    {file = "mypy_extensions-1.0.0.tar.gz", hash = "sha256:75dbf8955dc00442a438fc4d0666508a9a97b6bd41aa2f0ffe9d2f2725af0782"},
]

[[package]]
name = "polars"
version = "0.20.31"
description = "Blazingly fast DataFrame library"
optional = false
python-versions = ">=3.8"
files = [
    {file = "polars-0.20.31-cp38-abi3-macosx_10_12_x86_64.whl", hash = "sha256:86454ade5ed302bbf87f145cfcb1b14f7a5765a9440e448659e1f3dba6ac4e79"},
    {file = "polars-0.20.31-cp38-abi3-macosx_11_0_arm64.whl", hash = "sha256:67f2fe842262b7e1b9371edad21b760f6734d28b74c78dda88dff1bf031b9499"},
    {file = "polars-0.20.31-cp38-abi3-manylinux_2_17_x86_64.manylinux2014_x86_64.whl", hash = "sha256:24b82441f93409e0e8abd6f427b029db102f02b8de328cee9a680f84b84e3736"},
    {file = "polars-0.20.31-cp38-abi3-manylinux_2_24_aarch64.whl", hash = "sha256:87f43bce4d41abf8c8c5658d881e4b8378e5c61010a696bfea8b4106b908e916"},
    {file = "polars-0.20.31-cp38-abi3-win_amd64.whl", hash = "sha256:2d7567c9fd9d3b9aa93387ca9880d9e8f7acea3c0a0555c03d8c0c2f0715d43c"},
    {file = "polars-0.20.31.tar.gz", hash = "sha256:00f62dec6bf43a4e2a5db58b99bf0e79699fe761c80ae665868eaea5168f3bbb"},
]

[package.extras]
adbc = ["adbc-driver-manager", "adbc-driver-sqlite"]
all = ["polars[adbc,async,cloudpickle,connectorx,deltalake,fastexcel,fsspec,gevent,iceberg,numpy,pandas,plot,pyarrow,pydantic,sqlalchemy,timezone,xlsx2csv,xlsxwriter]"]
async = ["nest-asyncio"]
cloudpickle = ["cloudpickle"]
connectorx = ["connectorx (>=0.3.2)"]
deltalake = ["deltalake (>=0.15.0)"]
fastexcel = ["fastexcel (>=0.9)"]
fsspec = ["fsspec"]
gevent = ["gevent"]
iceberg = ["pyiceberg (>=0.5.0)"]
matplotlib = ["matplotlib"]
numpy = ["numpy (>=1.16.0)"]
openpyxl = ["openpyxl (>=3.0.0)"]
pandas = ["pandas", "pyarrow (>=7.0.0)"]
plot = ["hvplot (>=0.9.1)"]
pyarrow = ["pyarrow (>=7.0.0)"]
pydantic = ["pydantic"]
pyxlsb = ["pyxlsb (>=1.0)"]
sqlalchemy = ["pandas", "sqlalchemy"]
timezone = ["backports-zoneinfo", "tzdata"]
xlsx2csv = ["xlsx2csv (>=0.8.0)"]
xlsxwriter = ["xlsxwriter"]

[[package]]
name = "psqlpy"
version = "0.7.0"
description = "Async PostgreSQL driver for Python written in Rust"
optional = false
python-versions = ">=3.8"
files = [
    {file = "psqlpy-0.7.0-cp310-cp310-macosx_10_12_x86_64.whl", hash = "sha256:f3ee7b896da581dada81a7644acd35238806b6d04d4de24f81072cf1991143eb"},
    {file = "psqlpy-0.7.0-cp310-cp310-macosx_11_0_arm64.whl", hash = "sha256:b6c72080aaa3d6a884c1c669b1b2dc8a7ae3a6a8081898626353b2f81599023b"},
    {file = "psqlpy-0.7.0-cp310-cp310-manylinux_2_17_aarch64.manylinux2014_aarch64.whl", hash = "sha256:bf241a7f3f318673a39ba4a4923c00bf5db2d2dc52a5a64cbaae38ae18dccc82"},
    {file = "psqlpy-0.7.0-cp310-cp310-manylinux_2_17_armv7l.manylinux2014_armv7l.whl", hash = "sha256:14ed95b45d2f7870207389dd9ab07390b19d710a2ae1d126b4f662a12a312cf5"},
    {file = "psqlpy-0.7.0-cp310-cp310-manylinux_2_17_i686.manylinux2014_i686.whl", hash = "sha256:e74e9293e767359338228c932e4901ae753323b902d4cef96daebd0d47ad4292"},
    {file = "psqlpy-0.7.0-cp310-cp310-manylinux_2_17_ppc64le.manylinux2014_ppc64le.whl", hash = "sha256:91732225373740aafa4b71ba196f7367adbf2d369b569cfd49044bf81b8c10fb"},
    {file = "psqlpy-0.7.0-cp310-cp310-manylinux_2_17_s390x.manylinux2014_s390x.whl", hash = "sha256:0b18c45f7669dd8e222879a3ec36d0d3ca40ab596749908104a13daf18a2ce33"},
    {file = "psqlpy-0.7.0-cp310-cp310-manylinux_2_17_x86_64.manylinux2014_x86_64.whl", hash = "sha256:dca587e6482c7aea9f784dba68cdfd618998e57897815b57886bd80305e10a94"},
    {file = "psqlpy-0.7.0-cp310-cp310-musllinux_1_2_i686.whl", hash = "sha256:3cc50386e75d7090a9c053b1d36b1fb6d638df45165716f0231a8e8aaa8a38b4"},
    {file = "psqlpy-0.7.0-cp310-cp310-musllinux_1_2_x86_64.whl", hash = "sha256:ba96d34d08a45fa5f3d86ae07ed05c5596894ae8b09929ebb2af6075222b779a"},
    {file = "psqlpy-0.7.0-cp310-none-win32.whl", hash = "sha256:ba5426d45702d20b697bb7f0906d86a69af6a12232c034a49aefb13daddbd958"},
    {file = "psqlpy-0.7.0-cp310-none-win_amd64.whl", hash = "sha256:96f87ed143cdbba86ca4be57f784ba436f1c759fc10b588def494e87040f8f2e"},
    {file = "psqlpy-0.7.0-cp311-cp311-macosx_10_12_x86_64.whl", hash = "sha256:c839c6b3bc5ab60208bf9715fcd8f8b3e74847fe24ce6d86c5d6e941d4449e4e"},
    {file = "psqlpy-0.7.0-cp311-cp311-macosx_11_0_arm64.whl", hash = "sha256:787ce6ff5e4f5f781b60ab70058fba7d9d151d9b5d57806ebdfa97f47e410d83"},
    {file = "psqlpy-0.7.0-cp311-cp311-manylinux_2_17_aarch64.manylinux2014_aarch64.whl", hash = "sha256:c82a33af2dda255c8829177007a5254e52193e995adb1b25195e1cfd0bbe0ea2"},
    {file = "psqlpy-0.7.0-cp311-cp311-manylinux_2_17_armv7l.manylinux2014_armv7l.whl", hash = "sha256:94af5320c2cbdbf14f4adde1a6cdcf9204c76abfcb9c75e18c67127d603ba825"},
    {file = "psqlpy-0.7.0-cp311-cp311-manylinux_2_17_i686.manylinux2014_i686.whl", hash = "sha256:15e607fbfedb867c2e56e7eab138bb74093d0771ff55b99c388f1a4df103f52b"},
    {file = "psqlpy-0.7.0-cp311-cp311-manylinux_2_17_ppc64le.manylinux2014_ppc64le.whl", hash = "sha256:d054b16965ae785cf19e517ddbaf545a6d45428951ad2be57db63d0838677311"},
    {file = "psqlpy-0.7.0-cp311-cp311-manylinux_2_17_s390x.manylinux2014_s390x.whl", hash = "sha256:1720ad217683a704051f105ca4653c4be22446b2cdd968b678793c3aaecb6e92"},
    {file = "psqlpy-0.7.0-cp311-cp311-manylinux_2_17_x86_64.manylinux2014_x86_64.whl", hash = "sha256:255f3ca60a2d9838ca24a833123c2a08ea9f5131817cc8f7b5a194e4905fb161"},
    {file = "psqlpy-0.7.0-cp311-cp311-musllinux_1_2_i686.whl", hash = "sha256:f4805d2761939d5bed1b458fc05ffc6a913d575b4c6f1f960b87c9b11638d07e"},
    {file = "psqlpy-0.7.0-cp311-cp311-musllinux_1_2_x86_64.whl", hash = "sha256:373fdd1c47e120f9ea7b8eb925cecfcec6d97e31192e84125bf2cc0f77095b08"},
    {file = "psqlpy-0.7.0-cp311-none-win32.whl", hash = "sha256:2fab5b7e3e512b751a9a37c6138f36063e454ed5e8cc9926576790eceb56236b"},
    {file = "psqlpy-0.7.0-cp311-none-win_amd64.whl", hash = "sha256:01f79b05de5132b42ec4cc4377598c6deeef72a2a0dc50ef0813a95d3acf3718"},
    {file = "psqlpy-0.7.0-cp312-cp312-macosx_10_12_x86_64.whl", hash = "sha256:f6e9e5bba5932740959c7c1cd1f5ed8b47c7684ab426b000942122a7691cec3e"},
    {file = "psqlpy-0.7.0-cp312-cp312-macosx_11_0_arm64.whl", hash = "sha256:648294cae7ec5563bc027ec3ab43efda62c0cef63f1778fe9109bc71154771ea"},
    {file = "psqlpy-0.7.0-cp312-cp312-manylinux_2_17_aarch64.manylinux2014_aarch64.whl", hash = "sha256:829cdbebd723baff5d2d03aaf8614675a722b685e215402c31354c32946b2a73"},
    {file = "psqlpy-0.7.0-cp312-cp312-manylinux_2_17_armv7l.manylinux2014_armv7l.whl", hash = "sha256:8d4f98050b674c204c31f7de1fca4baf7ce0e475310321498a734581332a7bd2"},
    {file = "psqlpy-0.7.0-cp312-cp312-manylinux_2_17_i686.manylinux2014_i686.whl", hash = "sha256:0525a5e705c597a50b20a0f24d0c1c0d4c818458a7df5d49e8c8222950b3249d"},
    {file = "psqlpy-0.7.0-cp312-cp312-manylinux_2_17_ppc64le.manylinux2014_ppc64le.whl", hash = "sha256:333ad6a4639703c084237121e857fff9d87b9fdf254c3a15765da715c15be1ea"},
    {file = "psqlpy-0.7.0-cp312-cp312-manylinux_2_17_s390x.manylinux2014_s390x.whl", hash = "sha256:eb85c12284215cf6700663357600f33aef9047f4a65d269e8ed271bc4e598139"},
    {file = "psqlpy-0.7.0-cp312-cp312-manylinux_2_17_x86_64.manylinux2014_x86_64.whl", hash = "sha256:12c46f2d67e78a4ac7947ccbea3e8e6129c61559af2ed71ca55532595f5c58ae"},
    {file = "psqlpy-0.7.0-cp312-cp312-musllinux_1_2_i686.whl", hash = "sha256:e7e8dfa78b62edb82e8a565446cf85e388eeaa59cdfd0e7dcf2dc24d038ccdcf"},
    {file = "psqlpy-0.7.0-cp312-cp312-musllinux_1_2_x86_64.whl", hash = "sha256:f876ada76476800964866cba74f817702d4373c2939ad69c3bc8992956e3aa2f"},
    {file = "psqlpy-0.7.0-cp312-none-win32.whl", hash = "sha256:bc3f92176ff4c68b6908aeb2687ed309466b5bde780cd8ca6594f9f58c5214e5"},
    {file = "psqlpy-0.7.0-cp312-none-win_amd64.whl", hash = "sha256:d3f54d2da6ad06c70083ad1b4523f8b202ea6c2964b457f6a633d0f5363621a9"},
    {file = "psqlpy-0.7.0-cp38-cp38-manylinux_2_17_aarch64.manylinux2014_aarch64.whl", hash = "sha256:42f86b7eaa6d462005c6413bbaaf64ab93ae834e39a88a0bdda2cb25230fbfae"},
    {file = "psqlpy-0.7.0-cp38-cp38-manylinux_2_17_armv7l.manylinux2014_armv7l.whl", hash = "sha256:246d6d8b908a35185e03c38d30e5313f4c0e68eb5579ccd93727c2323af4eb8a"},
    {file = "psqlpy-0.7.0-cp38-cp38-manylinux_2_17_i686.manylinux2014_i686.whl", hash = "sha256:0b221176265d2511f35d6876478e56652823a558495f20d28fca8b4f050477bd"},
    {file = "psqlpy-0.7.0-cp38-cp38-manylinux_2_17_ppc64le.manylinux2014_ppc64le.whl", hash = "sha256:45135861b5d796d564059adfaf6fecd2ea5e4a0e041219ec1c13186095fb243a"},
    {file = "psqlpy-0.7.0-cp38-cp38-manylinux_2_17_s390x.manylinux2014_s390x.whl", hash = "sha256:4736e64077dfeabd0352a4b92a7937747aadb74128728e899d0ff1210c3881c1"},
    {file = "psqlpy-0.7.0-cp38-cp38-manylinux_2_17_x86_64.manylinux2014_x86_64.whl", hash = "sha256:e1a83b90a67012312875a85b805ec7033a4a4c7cdf33c87f2a742bd60bc55126"},
    {file = "psqlpy-0.7.0-cp38-cp38-musllinux_1_2_i686.whl", hash = "sha256:79e7377eafb7987610678d36397291eedea5a4d3be334ff0b765863cc5ee91dd"},
    {file = "psqlpy-0.7.0-cp38-cp38-musllinux_1_2_x86_64.whl", hash = "sha256:4fb608416b3d055e1daf229fcebc2ef7fcf42b5233245dd4430e66bd8ac05dfb"},
    {file = "psqlpy-0.7.0-cp38-none-win32.whl", hash = "sha256:550bbc34ef8c8daef602015387feeb941a98c985657c7b61c7ff906a3a56d26b"},
    {file = "psqlpy-0.7.0-cp38-none-win_amd64.whl", hash = "sha256:aeb130944194cffea21b72996500ad0bad889acf1b0ccfb9ffdb08a8baec1051"},
    {file = "psqlpy-0.7.0-cp39-cp39-macosx_10_12_x86_64.whl", hash = "sha256:67cee3d98ffb1e06dd451aa5a193f9505d539a2b4e3e8372f50c239ae67d84e6"},
    {file = "psqlpy-0.7.0-cp39-cp39-macosx_11_0_arm64.whl", hash = "sha256:cf13cf3b9c7ce599ff72bcbd4f2ca873abb2df4f0b755e142f696f2a079a5bd1"},
    {file = "psqlpy-0.7.0-cp39-cp39-manylinux_2_17_aarch64.manylinux2014_aarch64.whl", hash = "sha256:1c837dc6de162ab5505254882f77193a3eb0304853805598cf29596ed1ef762d"},
    {file = "psqlpy-0.7.0-cp39-cp39-manylinux_2_17_armv7l.manylinux2014_armv7l.whl", hash = "sha256:e9c2ad0844ed38d87dc7c55caba3ec555fd77a0fa974364ad41c2f94a2e8eeac"},
    {file = "psqlpy-0.7.0-cp39-cp39-manylinux_2_17_i686.manylinux2014_i686.whl", hash = "sha256:5d284cfb877b8c93153fcc9b43af53367193b86f95f75893e35c5328ce9b76e5"},
    {file = "psqlpy-0.7.0-cp39-cp39-manylinux_2_17_ppc64le.manylinux2014_ppc64le.whl", hash = "sha256:5f68f5fcbe2e090698be408aae8ef7725641eba1fa147b8ffcdda51a23da6ecf"},
    {file = "psqlpy-0.7.0-cp39-cp39-manylinux_2_17_s390x.manylinux2014_s390x.whl", hash = "sha256:ff0f425cadf31db1ca81b8687da6cce8e5d97e2825286b56be12958d0f61b3d5"},
    {file = "psqlpy-0.7.0-cp39-cp39-manylinux_2_17_x86_64.manylinux2014_x86_64.whl", hash = "sha256:288c7ce013f64a3bb51b66e466fd322d072ed267660ee5dc37be63dad587bd1e"},
    {file = "psqlpy-0.7.0-cp39-cp39-musllinux_1_2_i686.whl", hash = "sha256:55bfa22688cc10b0a497193e1aac7d03b967fc48c2bad70375fff2155590af34"},
    {file = "psqlpy-0.7.0-cp39-cp39-musllinux_1_2_x86_64.whl", hash = "sha256:63c5167e45761c12298a4c4883b8065d3ad2cbaf56fe72a8ecad3afaf44fa469"},
    {file = "psqlpy-0.7.0-cp39-none-win32.whl", hash = "sha256:1a6845605cf4485161d60bde2171c6c62e59aeededb0b82682a88b9b0f9bf61a"},
    {file = "psqlpy-0.7.0-cp39-none-win_amd64.whl", hash = "sha256:e1e08c300d7b9d741b2b73135cac78fc4d62d988f192edfd26fac77f3e27d48c"},
    {file = "psqlpy-0.7.0-pp310-pypy310_pp73-manylinux_2_17_aarch64.manylinux2014_aarch64.whl", hash = "sha256:396e688c8eb32ef76a58bbf9e9ffb6fa5113b91cc2bf365160f97e8056fe8919"},
    {file = "psqlpy-0.7.0-pp310-pypy310_pp73-manylinux_2_17_armv7l.manylinux2014_armv7l.whl", hash = "sha256:fc6ee3fbf36f1f8ec92069f3c515d23a2b437461b8d96e7e0c43f83ec671d5a7"},
    {file = "psqlpy-0.7.0-pp310-pypy310_pp73-manylinux_2_17_i686.manylinux2014_i686.whl", hash = "sha256:0d84c5e6dd256006f9b5eefcdbe1f3b70dbcf1b67750350617c98c5ec8f9d6da"},
    {file = "psqlpy-0.7.0-pp310-pypy310_pp73-manylinux_2_17_ppc64le.manylinux2014_ppc64le.whl", hash = "sha256:5f6e5476a9f58c306fafe1b4e787892b67c38abf60e775b43428e319917a95c4"},
    {file = "psqlpy-0.7.0-pp310-pypy310_pp73-manylinux_2_17_s390x.manylinux2014_s390x.whl", hash = "sha256:fd08e12d843a7c885859120987ad9e8fcc83d0e6629c50fc8e8276d1b7531e1d"},
    {file = "psqlpy-0.7.0-pp310-pypy310_pp73-manylinux_2_17_x86_64.manylinux2014_x86_64.whl", hash = "sha256:19d31b5f67cd4832afe72c41c927b7a051e060e6173aa35ad479da82c02b822e"},
    {file = "psqlpy-0.7.0-pp310-pypy310_pp73-musllinux_1_2_i686.whl", hash = "sha256:d871f2b293f507e8f748fa19b64ac2be6d08c5a3547aad77d359eef00af4ce66"},
    {file = "psqlpy-0.7.0-pp310-pypy310_pp73-musllinux_1_2_x86_64.whl", hash = "sha256:610ba78ea799ee4d9e777bbe7c74c963912b30f9dfbb61b74b4d66193ea31135"},
    {file = "psqlpy-0.7.0-pp38-pypy38_pp73-manylinux_2_17_aarch64.manylinux2014_aarch64.whl", hash = "sha256:dfb411b83c6665083a12699b293ebb7e022d59f16b8d796d812201c9666b1028"},
    {file = "psqlpy-0.7.0-pp38-pypy38_pp73-manylinux_2_17_armv7l.manylinux2014_armv7l.whl", hash = "sha256:ebf87bd723f5c3f653a1e9d2eca4de1ac357897421154862a12dc6b49cd8d16c"},
    {file = "psqlpy-0.7.0-pp38-pypy38_pp73-manylinux_2_17_i686.manylinux2014_i686.whl", hash = "sha256:35c475ba2d1d7e5425ffa09d3efba3ceef59a3ba63f1da1d2dfdc06b1f3605ee"},
    {file = "psqlpy-0.7.0-pp38-pypy38_pp73-manylinux_2_17_ppc64le.manylinux2014_ppc64le.whl", hash = "sha256:bcfaa4492490cf174c43275e3578eb1a1ae6e927aa8d9a1d1df6a34730fad802"},
    {file = "psqlpy-0.7.0-pp38-pypy38_pp73-manylinux_2_17_s390x.manylinux2014_s390x.whl", hash = "sha256:c86e3884ac478f4f8beefa9055c403e90c0f08780143863d31014017935daef9"},
    {file = "psqlpy-0.7.0-pp38-pypy38_pp73-manylinux_2_17_x86_64.manylinux2014_x86_64.whl", hash = "sha256:b1f1bed7812408f1717fa9bc644889456c8a095e6eb5682de28a52512d8a7aa0"},
    {file = "psqlpy-0.7.0-pp38-pypy38_pp73-musllinux_1_2_i686.whl", hash = "sha256:333786e0da02066a65f2fa7d76bb0ba7ddc09256daf31735a1679fe3af931953"},
    {file = "psqlpy-0.7.0-pp38-pypy38_pp73-musllinux_1_2_x86_64.whl", hash = "sha256:d08858fb098ef98b970c48cd224c9152d3677ee291f29ef7597beaaadb410fc7"},
    {file = "psqlpy-0.7.0-pp39-pypy39_pp73-manylinux_2_17_aarch64.manylinux2014_aarch64.whl", hash = "sha256:c98e564de3fff387f225133f1667b6f9b879e0a57746c636fdc7e3adbc399f95"},
    {file = "psqlpy-0.7.0-pp39-pypy39_pp73-manylinux_2_17_armv7l.manylinux2014_armv7l.whl", hash = "sha256:f4645e03874dcb5c72b0b06e6adb0f5b1f7ce44b12b088ffa16502b51a8c7b9e"},
    {file = "psqlpy-0.7.0-pp39-pypy39_pp73-manylinux_2_17_i686.manylinux2014_i686.whl", hash = "sha256:ddd18a46f316f29eb3f49704c8bd8f039943d2ca54a3582bb49bcc561dce699a"},
    {file = "psqlpy-0.7.0-pp39-pypy39_pp73-manylinux_2_17_ppc64le.manylinux2014_ppc64le.whl", hash = "sha256:5d8858569cbbd16109cdfc6e42bb6f3768e23ae1ea6a03a3d4c50b75a64cbf01"},
    {file = "psqlpy-0.7.0-pp39-pypy39_pp73-manylinux_2_17_s390x.manylinux2014_s390x.whl", hash = "sha256:fd27c157db0a9549964e570acbaceb6910daf72ed3a841e05f8ea6d50bf3e3ea"},
    {file = "psqlpy-0.7.0-pp39-pypy39_pp73-manylinux_2_17_x86_64.manylinux2014_x86_64.whl", hash = "sha256:cdab7a2305eefe2f67729daea54b65a1f5f94102be3ec19fab08f42e650f70f6"},
    {file = "psqlpy-0.7.0-pp39-pypy39_pp73-musllinux_1_2_i686.whl", hash = "sha256:bde711beff613d13dd8fbd08d35a9dee46262b1a3cbf4a657ea921298d9b75e4"},
    {file = "psqlpy-0.7.0-pp39-pypy39_pp73-musllinux_1_2_x86_64.whl", hash = "sha256:27c3a92490e08206594a46ae1d1ac82024e24a13e1c8658341f48a687f2cb29b"},
    {file = "psqlpy-0.7.0.tar.gz", hash = "sha256:6f654610e669b322579e183db64454cc1aec9682907be8eb30b7cf98eeab1c13"},
]

[[package]]
name = "psycopg"
version = "3.2.1"
description = "PostgreSQL database adapter for Python"
optional = false
python-versions = ">=3.8"
files = [
    {file = "psycopg-3.2.1-py3-none-any.whl", hash = "sha256:ece385fb413a37db332f97c49208b36cf030ff02b199d7635ed2fbd378724175"},
    {file = "psycopg-3.2.1.tar.gz", hash = "sha256:dc8da6dc8729dacacda3cc2f17d2c9397a70a66cf0d2b69c91065d60d5f00cb7"},
]

[package.dependencies]
psycopg-binary = {version = "3.2.1", optional = true, markers = "implementation_name != \"pypy\" and extra == \"binary\""}
typing-extensions = ">=4.4"
tzdata = {version = "*", markers = "sys_platform == \"win32\""}

[package.extras]
binary = ["psycopg-binary (==3.2.1)"]
c = ["psycopg-c (==3.2.1)"]
dev = ["ast-comments (>=1.1.2)", "black (>=24.1.0)", "codespell (>=2.2)", "dnspython (>=2.1)", "flake8 (>=4.0)", "mypy (>=1.6)", "types-setuptools (>=57.4)", "wheel (>=0.37)"]
docs = ["Sphinx (>=5.0)", "furo (==2022.6.21)", "sphinx-autobuild (>=2021.3.14)", "sphinx-autodoc-typehints (>=1.12)"]
pool = ["psycopg-pool"]
test = ["anyio (>=4.0)", "mypy (>=1.6)", "pproxy (>=2.7)", "pytest (>=6.2.5)", "pytest-cov (>=3.0)", "pytest-randomly (>=3.5)"]

[[package]]
name = "psycopg-binary"
version = "3.2.1"
description = "PostgreSQL database adapter for Python -- C optimisation distribution"
optional = false
python-versions = ">=3.8"
files = [
    {file = "psycopg_binary-3.2.1-cp310-cp310-macosx_12_0_x86_64.whl", hash = "sha256:cad2de17804c4cfee8640ae2b279d616bb9e4734ac3c17c13db5e40982bd710d"},
    {file = "psycopg_binary-3.2.1-cp310-cp310-macosx_14_0_arm64.whl", hash = "sha256:592b27d6c46a40f9eeaaeea7c1fef6f3c60b02c634365eb649b2d880669f149f"},
    {file = "psycopg_binary-3.2.1-cp310-cp310-manylinux_2_17_aarch64.manylinux2014_aarch64.whl", hash = "sha256:9a997efbaadb5e1a294fb5760e2f5643d7b8e4e3fe6cb6f09e6d605fd28e0291"},
    {file = "psycopg_binary-3.2.1-cp310-cp310-manylinux_2_17_i686.manylinux2014_i686.whl", hash = "sha256:c1d2b6438fb83376f43ebb798bf0ad5e57bc56c03c9c29c85bc15405c8c0ac5a"},
    {file = "psycopg_binary-3.2.1-cp310-cp310-manylinux_2_17_ppc64le.manylinux2014_ppc64le.whl", hash = "sha256:b1f087bd84bdcac78bf9f024ebdbfacd07fc0a23ec8191448a50679e2ac4a19e"},
    {file = "psycopg_binary-3.2.1-cp310-cp310-manylinux_2_17_x86_64.manylinux2014_x86_64.whl", hash = "sha256:415c3b72ea32119163255c6504085f374e47ae7345f14bc3f0ef1f6e0976a879"},
    {file = "psycopg_binary-3.2.1-cp310-cp310-musllinux_1_2_aarch64.whl", hash = "sha256:f092114f10f81fb6bae544a0ec027eb720e2d9c74a4fcdaa9dd3899873136935"},
    {file = "psycopg_binary-3.2.1-cp310-cp310-musllinux_1_2_i686.whl", hash = "sha256:06a7aae34edfe179ddc04da005e083ff6c6b0020000399a2cbf0a7121a8a22ea"},
    {file = "psycopg_binary-3.2.1-cp310-cp310-musllinux_1_2_ppc64le.whl", hash = "sha256:0b018631e5c80ce9bc210b71ea885932f9cca6db131e4df505653d7e3873a938"},
    {file = "psycopg_binary-3.2.1-cp310-cp310-musllinux_1_2_x86_64.whl", hash = "sha256:f8a509aeaac364fa965454e80cd110fe6d48ba2c80f56c9b8563423f0b5c3cfd"},
    {file = "psycopg_binary-3.2.1-cp310-cp310-win_amd64.whl", hash = "sha256:413977d18412ff83486eeb5875eb00b185a9391c57febac45b8993bf9c0ff489"},
    {file = "psycopg_binary-3.2.1-cp311-cp311-macosx_12_0_x86_64.whl", hash = "sha256:62b1b7b07e00ee490afb39c0a47d8282a9c2822c7cfed9553a04b0058adf7e7f"},
    {file = "psycopg_binary-3.2.1-cp311-cp311-macosx_14_0_arm64.whl", hash = "sha256:f8afb07114ea9b924a4a0305ceb15354ccf0ef3c0e14d54b8dbeb03e50182dd7"},
    {file = "psycopg_binary-3.2.1-cp311-cp311-manylinux_2_17_aarch64.manylinux2014_aarch64.whl", hash = "sha256:40bb515d042f6a345714ec0403df68ccf13f73b05e567837d80c886c7c9d3805"},
    {file = "psycopg_binary-3.2.1-cp311-cp311-manylinux_2_17_i686.manylinux2014_i686.whl", hash = "sha256:6418712ba63cebb0c88c050b3997185b0ef54173b36568522d5634ac06153040"},
    {file = "psycopg_binary-3.2.1-cp311-cp311-manylinux_2_17_ppc64le.manylinux2014_ppc64le.whl", hash = "sha256:101472468d59c74bb8565fab603e032803fd533d16be4b2d13da1bab8deb32a3"},
    {file = "psycopg_binary-3.2.1-cp311-cp311-manylinux_2_17_x86_64.manylinux2014_x86_64.whl", hash = "sha256:aa3931f308ab4a479d0ee22dc04bea867a6365cac0172e5ddcba359da043854b"},
    {file = "psycopg_binary-3.2.1-cp311-cp311-musllinux_1_2_aarch64.whl", hash = "sha256:dc314a47d44fe1a8069b075a64abffad347a3a1d8652fed1bab5d3baea37acb2"},
    {file = "psycopg_binary-3.2.1-cp311-cp311-musllinux_1_2_i686.whl", hash = "sha256:cc304a46be1e291031148d9d95c12451ffe783ff0cc72f18e2cc7ec43cdb8c68"},
    {file = "psycopg_binary-3.2.1-cp311-cp311-musllinux_1_2_ppc64le.whl", hash = "sha256:6f9e13600647087df5928875559f0eb8f496f53e6278b7da9511b4b3d0aff960"},
    {file = "psycopg_binary-3.2.1-cp311-cp311-musllinux_1_2_x86_64.whl", hash = "sha256:b140182830c76c74d17eba27df3755a46442ce8d4fb299e7f1cf2f74a87c877b"},
    {file = "psycopg_binary-3.2.1-cp311-cp311-win_amd64.whl", hash = "sha256:3c838806eeb99af39f934b7999e35f947a8e577997cc892c12b5053a97a9057f"},
    {file = "psycopg_binary-3.2.1-cp312-cp312-macosx_12_0_x86_64.whl", hash = "sha256:7066d3dca196ed0dc6172f9777b2d62e4f138705886be656cccff2d555234d60"},
    {file = "psycopg_binary-3.2.1-cp312-cp312-macosx_14_0_arm64.whl", hash = "sha256:28ada5f610468c57d8a4a055a8ea915d0085a43d794266c4f3b9d02f4288f4db"},
    {file = "psycopg_binary-3.2.1-cp312-cp312-manylinux_2_17_aarch64.manylinux2014_aarch64.whl", hash = "sha256:2e8213bf50af073b1aa8dc3cff123bfeedac86332a16c1b7274910bc88a847c7"},
    {file = "psycopg_binary-3.2.1-cp312-cp312-manylinux_2_17_i686.manylinux2014_i686.whl", hash = "sha256:74d623261655a169bc84a9669890975c229f2fa6e19a7f2d10a77675dcf1a707"},
    {file = "psycopg_binary-3.2.1-cp312-cp312-manylinux_2_17_ppc64le.manylinux2014_ppc64le.whl", hash = "sha256:42781ba94e8842ee98bca5a7d0c44cc9d067500fedca2d6a90fa3609b6d16b42"},
    {file = "psycopg_binary-3.2.1-cp312-cp312-manylinux_2_17_x86_64.manylinux2014_x86_64.whl", hash = "sha256:33e6669091d09f8ba36e10ce678a6d9916e110446236a9b92346464a3565635e"},
    {file = "psycopg_binary-3.2.1-cp312-cp312-musllinux_1_2_aarch64.whl", hash = "sha256:b09e8a576a2ac69d695032ee76f31e03b30781828b5dd6d18c6a009e5a3d1c35"},
    {file = "psycopg_binary-3.2.1-cp312-cp312-musllinux_1_2_i686.whl", hash = "sha256:8f28ff0cb9f1defdc4a6f8c958bf6787274247e7dfeca811f6e2f56602695fb1"},
    {file = "psycopg_binary-3.2.1-cp312-cp312-musllinux_1_2_ppc64le.whl", hash = "sha256:4c84fcac8a3a3479ac14673095cc4e1fdba2935499f72c436785ac679bec0d1a"},
    {file = "psycopg_binary-3.2.1-cp312-cp312-musllinux_1_2_x86_64.whl", hash = "sha256:950fd666ec9e9fe6a8eeb2b5a8f17301790e518953730ad44d715b59ffdbc67f"},
    {file = "psycopg_binary-3.2.1-cp312-cp312-win_amd64.whl", hash = "sha256:334046a937bb086c36e2c6889fe327f9f29bfc085d678f70fac0b0618949f674"},
    {file = "psycopg_binary-3.2.1-cp38-cp38-macosx_12_0_x86_64.whl", hash = "sha256:1d6833f607f3fc7b22226a9e121235d3b84c0eda1d3caab174673ef698f63788"},
    {file = "psycopg_binary-3.2.1-cp38-cp38-manylinux_2_17_aarch64.manylinux2014_aarch64.whl", hash = "sha256:1d353e028b8f848b9784450fc2abf149d53a738d451eab3ee4c85703438128b9"},
    {file = "psycopg_binary-3.2.1-cp38-cp38-manylinux_2_17_i686.manylinux2014_i686.whl", hash = "sha256:f34e369891f77d0738e5d25727c307d06d5344948771e5379ea29c76c6d84555"},
    {file = "psycopg_binary-3.2.1-cp38-cp38-manylinux_2_17_ppc64le.manylinux2014_ppc64le.whl", hash = "sha256:0ab58213cc976a1666f66bc1cb2e602315cd753b7981a8e17237ac2a185bd4a1"},
    {file = "psycopg_binary-3.2.1-cp38-cp38-manylinux_2_17_x86_64.manylinux2014_x86_64.whl", hash = "sha256:b0104a72a17aa84b3b7dcab6c84826c595355bf54bb6ea6d284dcb06d99c6801"},
    {file = "psycopg_binary-3.2.1-cp38-cp38-musllinux_1_2_aarch64.whl", hash = "sha256:059cbd4e6da2337e17707178fe49464ed01de867dc86c677b30751755ec1dc51"},
    {file = "psycopg_binary-3.2.1-cp38-cp38-musllinux_1_2_i686.whl", hash = "sha256:73f9c9b984be9c322b5ec1515b12df1ee5896029f5e72d46160eb6517438659c"},
    {file = "psycopg_binary-3.2.1-cp38-cp38-musllinux_1_2_ppc64le.whl", hash = "sha256:af0469c00f24c4bec18c3d2ede124bf62688d88d1b8a5f3c3edc2f61046fe0d7"},
    {file = "psycopg_binary-3.2.1-cp38-cp38-musllinux_1_2_x86_64.whl", hash = "sha256:463d55345f73ff391df8177a185ad57b552915ad33f5cc2b31b930500c068b22"},
    {file = "psycopg_binary-3.2.1-cp38-cp38-win_amd64.whl", hash = "sha256:302b86f92c0d76e99fe1b5c22c492ae519ce8b98b88d37ef74fda4c9e24c6b46"},
    {file = "psycopg_binary-3.2.1-cp39-cp39-macosx_12_0_x86_64.whl", hash = "sha256:0879b5d76b7d48678d31278242aaf951bc2d69ca4e4d7cef117e4bbf7bfefda9"},
    {file = "psycopg_binary-3.2.1-cp39-cp39-manylinux_2_17_aarch64.manylinux2014_aarch64.whl", hash = "sha256:f99e59f8a5f4dcd9cbdec445f3d8ac950a492fc0e211032384d6992ed3c17eb7"},
    {file = "psycopg_binary-3.2.1-cp39-cp39-manylinux_2_17_i686.manylinux2014_i686.whl", hash = "sha256:84837e99353d16c6980603b362d0f03302d4b06c71672a6651f38df8a482923d"},
    {file = "psycopg_binary-3.2.1-cp39-cp39-manylinux_2_17_ppc64le.manylinux2014_ppc64le.whl", hash = "sha256:7ce965caf618061817f66c0906f0452aef966c293ae0933d4fa5a16ea6eaf5bb"},
    {file = "psycopg_binary-3.2.1-cp39-cp39-manylinux_2_17_x86_64.manylinux2014_x86_64.whl", hash = "sha256:78c2007caf3c90f08685c5378e3ceb142bafd5636be7495f7d86ec8a977eaeef"},
    {file = "psycopg_binary-3.2.1-cp39-cp39-musllinux_1_2_aarch64.whl", hash = "sha256:7a84b5eb194a258116154b2a4ff2962ea60ea52de089508db23a51d3d6b1c7d1"},
    {file = "psycopg_binary-3.2.1-cp39-cp39-musllinux_1_2_i686.whl", hash = "sha256:4a42b8f9ab39affcd5249b45cac763ac3cf12df962b67e23fd15a2ee2932afe5"},
    {file = "psycopg_binary-3.2.1-cp39-cp39-musllinux_1_2_ppc64le.whl", hash = "sha256:788ffc43d7517c13e624c83e0e553b7b8823c9655e18296566d36a829bfb373f"},
    {file = "psycopg_binary-3.2.1-cp39-cp39-musllinux_1_2_x86_64.whl", hash = "sha256:21927f41c4d722ae8eb30d62a6ce732c398eac230509af5ba1749a337f8a63e2"},
    {file = "psycopg_binary-3.2.1-cp39-cp39-win_amd64.whl", hash = "sha256:921f0c7f39590763d64a619de84d1b142587acc70fd11cbb5ba8fa39786f3073"},
]

[[package]]
name = "python-dateutil"
version = "2.9.0.post0"
description = "Extensions to the standard Python datetime module"
optional = false
python-versions = "!=3.0.*,!=3.1.*,!=3.2.*,>=2.7"
files = [
    {file = "python-dateutil-2.9.0.post0.tar.gz", hash = "sha256:37dd54208da7e1cd875388217d5e00ebd4179249f90fb72437e91a35459a0ad3"},
    {file = "python_dateutil-2.9.0.post0-py2.py3-none-any.whl", hash = "sha256:a8b2bc7bffae282281c8140a97d3aa9c14da0b136dfe83f850eea9a5f7470427"},
]

[package.dependencies]
six = ">=1.5"

[[package]]
name = "ruff"
version = "0.5.0"
description = "An extremely fast Python linter and code formatter, written in Rust."
optional = false
python-versions = ">=3.7"
files = [
    {file = "ruff-0.5.0-py3-none-linux_armv6l.whl", hash = "sha256:ee770ea8ab38918f34e7560a597cc0a8c9a193aaa01bfbd879ef43cb06bd9c4c"},
    {file = "ruff-0.5.0-py3-none-macosx_10_12_x86_64.whl", hash = "sha256:38f3b8327b3cb43474559d435f5fa65dacf723351c159ed0dc567f7ab735d1b6"},
    {file = "ruff-0.5.0-py3-none-macosx_11_0_arm64.whl", hash = "sha256:7594f8df5404a5c5c8f64b8311169879f6cf42142da644c7e0ba3c3f14130370"},
    {file = "ruff-0.5.0-py3-none-manylinux_2_17_aarch64.manylinux2014_aarch64.whl", hash = "sha256:adc7012d6ec85032bc4e9065110df205752d64010bed5f958d25dbee9ce35de3"},
    {file = "ruff-0.5.0-py3-none-manylinux_2_17_armv7l.manylinux2014_armv7l.whl", hash = "sha256:d505fb93b0fabef974b168d9b27c3960714d2ecda24b6ffa6a87ac432905ea38"},
    {file = "ruff-0.5.0-py3-none-manylinux_2_17_i686.manylinux2014_i686.whl", hash = "sha256:9dc5cfd3558f14513ed0d5b70ce531e28ea81a8a3b1b07f0f48421a3d9e7d80a"},
    {file = "ruff-0.5.0-py3-none-manylinux_2_17_ppc64.manylinux2014_ppc64.whl", hash = "sha256:db3ca35265de239a1176d56a464b51557fce41095c37d6c406e658cf80bbb362"},
    {file = "ruff-0.5.0-py3-none-manylinux_2_17_ppc64le.manylinux2014_ppc64le.whl", hash = "sha256:b1a321c4f68809fddd9b282fab6a8d8db796b270fff44722589a8b946925a2a8"},
    {file = "ruff-0.5.0-py3-none-manylinux_2_17_s390x.manylinux2014_s390x.whl", hash = "sha256:2c4dfcd8d34b143916994b3876b63d53f56724c03f8c1a33a253b7b1e6bf2a7d"},
    {file = "ruff-0.5.0-py3-none-manylinux_2_17_x86_64.manylinux2014_x86_64.whl", hash = "sha256:81e5facfc9f4a674c6a78c64d38becfbd5e4f739c31fcd9ce44c849f1fad9e4c"},
    {file = "ruff-0.5.0-py3-none-musllinux_1_2_aarch64.whl", hash = "sha256:e589e27971c2a3efff3fadafb16e5aef7ff93250f0134ec4b52052b673cf988d"},
    {file = "ruff-0.5.0-py3-none-musllinux_1_2_armv7l.whl", hash = "sha256:d2ffbc3715a52b037bcb0f6ff524a9367f642cdc5817944f6af5479bbb2eb50e"},
    {file = "ruff-0.5.0-py3-none-musllinux_1_2_i686.whl", hash = "sha256:cd096e23c6a4f9c819525a437fa0a99d1c67a1b6bb30948d46f33afbc53596cf"},
    {file = "ruff-0.5.0-py3-none-musllinux_1_2_x86_64.whl", hash = "sha256:46e193b36f2255729ad34a49c9a997d506e58f08555366b2108783b3064a0e1e"},
    {file = "ruff-0.5.0-py3-none-win32.whl", hash = "sha256:49141d267100f5ceff541b4e06552e98527870eafa1acc9dec9139c9ec5af64c"},
    {file = "ruff-0.5.0-py3-none-win_amd64.whl", hash = "sha256:e9118f60091047444c1b90952736ee7b1792910cab56e9b9a9ac20af94cd0440"},
    {file = "ruff-0.5.0-py3-none-win_arm64.whl", hash = "sha256:ed5c4df5c1fb4518abcb57725b576659542bdbe93366f4f329e8f398c4b71178"},
    {file = "ruff-0.5.0.tar.gz", hash = "sha256:eb641b5873492cf9bd45bc9c5ae5320648218e04386a5f0c264ad6ccce8226a1"},
]

[[package]]
name = "six"
version = "1.16.0"
description = "Python 2 and 3 compatibility utilities"
optional = false
python-versions = ">=2.7, !=3.0.*, !=3.1.*, !=3.2.*"
files = [
    {file = "six-1.16.0-py2.py3-none-any.whl", hash = "sha256:8abb2f1d86890a2dfb989f9a77cfcfd3e47c2a354b01111771326f8aa26e0254"},
    {file = "six-1.16.0.tar.gz", hash = "sha256:1e61c37477a1626458e36f7b1d82aa5c9b094fa4802892072e49de9c60c4c926"},
]

[[package]]
name = "typing-extensions"
version = "4.12.2"
description = "Backported and Experimental Type Hints for Python 3.8+"
optional = false
python-versions = ">=3.8"
files = [
    {file = "typing_extensions-4.12.2-py3-none-any.whl", hash = "sha256:04e5ca0351e0f3f85c6853954072df659d0d13fac324d0072316b67d7794700d"},
    {file = "typing_extensions-4.12.2.tar.gz", hash = "sha256:1a7ead55c7e559dd4dee8856e3a88b41225abfe1ce8df57b7c13915fe121ffb8"},
]

[[package]]
name = "tzdata"
version = "2024.1"
description = "Provider of IANA time zone data"
optional = false
python-versions = ">=2"
files = [
    {file = "tzdata-2024.1-py2.py3-none-any.whl", hash = "sha256:9068bc196136463f5245e51efda838afa15aaeca9903f49050dfa2679db4d252"},
    {file = "tzdata-2024.1.tar.gz", hash = "sha256:2674120f8d891909751c38abcdfd386ac0a5a1127954fbc332af6b5ceae07efd"},
]

[metadata]
lock-version = "2.0"
python-versions = "^3.12"
content-hash = "320aacaa4b0516f8f7acafdea4e26910ae5bf843a7f6d457b573de1e0ad0b86b"
